
Microsoft Visual Studio Solution File, Format Version 12.00
# Visual Studio Version 17
VisualStudioVersion = 17.13.35919.96 d17.13
MinimumVisualStudioVersion = 10.0.40219.1
Project("{FAE04EC0-301F-11D3-BF4B-00C04F79EFBC}") = "HW41", "HW41\HW41.csproj", "{B48C08FD-D6AA-4138-AC9D-7BEDEE89F44F}"
EndProject
Global
	GlobalSection(SolutionConfigurationPlatforms) = preSolution
		Debug|Any CPU = Debug|Any CPU
		Release|Any CPU = Release|Any CPU
	EndGlobalSection
	GlobalSection(ProjectConfigurationPlatforms) = postSolution
		{B48C08FD-D6AA-4138-AC9D-7BEDEE89F44F}.Debug|Any CPU.ActiveCfg = Debug|Any CPU
		{B48C08FD-D6AA-4138-AC9D-7BEDEE89F44F}.Debug|Any CPU.Build.0 = Debug|Any CPU
		{B48C08FD-D6AA-4138-AC9D-7BEDEE89F44F}.Release|Any CPU.ActiveCfg = Release|Any CPU
		{B48C08FD-D6AA-4138-AC9D-7BEDEE89F44F}.Release|Any CPU.Build.0 = Release|Any CPU
	EndGlobalSection
	GlobalSection(SolutionProperties) = preSolution
		HideSolutionNode = FALSE
	EndGlobalSection
	GlobalSection(ExtensibilityGlobals) = postSolution
		SolutionGuid = {C28BB1CA-B112-47A7-B15C-53346A429A7C}
	EndGlobalSection
EndGlobal
